<?xml version="1.0" encoding="utf-8"?>
<Project ToolsVersion="4.0" xmlns="http://schemas.microsoft.com/developer/msbuild/2003">
  <ItemGroup>
    <Filter Include="Source Files">
      <UniqueIdentifier>{4FC737F1-C7A5-4376-A066-2A32D752A2FF}</UniqueIdentifier>
      <Extensions>cpp;c;cc;cxx;def;odl;idl;hpj;bat;asm;asmx</Extensions>
    </Filter>
  </ItemGroup>
  <ItemGroup>
    <ClCompile Include="..\expression.cpp">
      <Filter>Source Files</Filter>
    </ClCompile>
    <ClCompile Include="..\ExpressionParser.cpp">
      <Filter>Source Files</Filter>
    </ClCompile>
    <ClCompile Include="..\flexbisondriver.cpp">
      <Filter>Source Files</Filter>
    </ClCompile>
    <ClCompile Include="..\Lexer.cpp">
      <Filter>Source Files</Filter>
    </ClCompile>
    <ClCompile Include="..\Parser.cpp">
      <Filter>Source Files</Filter>
    </ClCompile>
  </ItemGroup>
  <ItemGroup>
    <ClInclude Include="..\expression.hpp">
      <Filter>Source Files</Filter>
    </ClInclude>
    <ClInclude Include="..\flexbisondriver.hpp">
      <Filter>Source Files</Filter>
    </ClInclude>
    <ClInclude Include="..\location.hh">
      <Filter>Source Files</Filter>
    </ClInclude>
    <ClInclude Include="..\Parser.hpp">
      <Filter>Source Files</Filter>
    </ClInclude>
    <ClInclude Include="..\position.hh">
      <Filter>Source Files</Filter>
    </ClInclude>
    <ClInclude Include="..\stack.hh">
      <Filter>Source Files</Filter>
    </ClInclude>
  </ItemGroup>
  <ItemGroup>
    <Flex Include="..\lexer.l">
      <Filter>Source Files</Filter>
    </Flex>
  </ItemGroup>
  <ItemGroup>
    <Bison Include="..\parser.y">
      <Filter>Source Files</Filter>
    </Bison>
  </ItemGroup>
</Project>